{
  "name": "project",
  "lockfileVersion": 2,
  "requires": true,
  "packages": {
    "": {
      "dependencies": {
        "ripples.wxss": "^1.1.0"
      }
    },
    "node_modules/ripples.wxss": {
      "version": "1.1.0",
      "resolved": "https://registry.npmjs.org/ripples.wxss/-/ripples.wxss-1.1.0.tgz",
      "integrity": "sha1-DNlWqA+/vK3EnLBpJ3S+vHzFgHo="
    }
  },
  "dependencies": {
    "ripples.wxss": {
      "version": "1.1.0",
      "resolved": "https://registry.npmjs.org/ripples.wxss/-/ripples.wxss-1.1.0.tgz",
      "integrity": "sha1-DNlWqA+/vK3EnLBpJ3S+vHzFgHo="
    }
  }
}
